# THIS IS AN AUTOGENERATED FILE. DO NOT EDIT THIS FILE DIRECTLY.
# yarn lockfile v1


safe-json-stringify@1.0.3:
  version "1.0.3"
  resolved "https://registry.yarnpkg.com/safe-json-stringify/-/safe-json-stringify-1.0.3.tgz#3cb6717660a086d07cb5bd9b7a6875bcf67bd05e"
  integrity sha512-FspOTGvddR3ZE2k+NqHsywbCrnD7xow+r156P04MEMURbRF65Pdccpl2f4XU3KjXKsK5zdF03ScdKoL7Ti4Gpg==

werelogs@scality/werelogs#8.1.0:
  version "8.1.0"
  resolved "https://codeload.github.com/scality/werelogs/tar.gz/e8f828725642c54c511cdbe580b18f43d3589313"
  dependencies:
    safe-json-stringify "1.0.3"
